
Microsoft Visual Studio Solution File, Format Version 12.00
# Visual Studio Version 17
VisualStudioVersion = 17.8.34330.188
MinimumVisualStudioVersion = 10.0.40219.1
Project("{FAE04EC0-301F-11D3-BF4B-00C04F79EFBC}") = "GetLocation", "GetLocation\GetLocation.csproj", "{3DE0A716-0D61-4FB3-9165-CE954943B26A}"
EndProject
Global
	GlobalSection(SolutionConfigurationPlatforms) = preSolution
		Debug|Any CPU = Debug|Any CPU
		Release|Any CPU = Release|Any CPU
	EndGlobalSection
	GlobalSection(ProjectConfigurationPlatforms) = postSolution
		{3DE0A716-0D61-4FB3-9165-CE954943B26A}.Debug|Any CPU.ActiveCfg = Debug|Any CPU
		{3DE0A716-0D61-4FB3-9165-CE954943B26A}.Debug|Any CPU.Build.0 = Debug|Any CPU
		{3DE0A716-0D61-4FB3-9165-CE954943B26A}.Release|Any CPU.ActiveCfg = Release|Any CPU
		{3DE0A716-0D61-4FB3-9165-CE954943B26A}.Release|Any CPU.Build.0 = Release|Any CPU
	EndGlobalSection
	GlobalSection(SolutionProperties) = preSolution
		HideSolutionNode = FALSE
	EndGlobalSection
	GlobalSection(ExtensibilityGlobals) = postSolution
		SolutionGuid = {12F3D702-4309-44B0-BE29-47E9EF60708E}
	EndGlobalSection
EndGlobal
